
Microsoft Visual Studio Solution File, Format Version 12.00
# Visual Studio Version 17
VisualStudioVersion = 17.11.35327.3
MinimumVisualStudioVersion = 10.0.40219.1
Project("{FAE04EC0-301F-11D3-BF4B-00C04F79EFBC}") = "ConsoleApp44", "ConsoleApp44\ConsoleApp44.csproj", "{5A5D1D1F-4D49-4231-B4D0-08B54D05D080}"
EndProject
Global
	GlobalSection(SolutionConfigurationPlatforms) = preSolution
		Debug|Any CPU = Debug|Any CPU
		Release|Any CPU = Release|Any CPU
	EndGlobalSection
	GlobalSection(ProjectConfigurationPlatforms) = postSolution
		{5A5D1D1F-4D49-4231-B4D0-08B54D05D080}.Debug|Any CPU.ActiveCfg = Debug|Any CPU
		{5A5D1D1F-4D49-4231-B4D0-08B54D05D080}.Debug|Any CPU.Build.0 = Debug|Any CPU
		{5A5D1D1F-4D49-4231-B4D0-08B54D05D080}.Release|Any CPU.ActiveCfg = Release|Any CPU
		{5A5D1D1F-4D49-4231-B4D0-08B54D05D080}.Release|Any CPU.Build.0 = Release|Any CPU
	EndGlobalSection
	GlobalSection(SolutionProperties) = preSolution
		HideSolutionNode = FALSE
	EndGlobalSection
	GlobalSection(ExtensibilityGlobals) = postSolution
		SolutionGuid = {329CC887-1772-4CE1-A6FD-436605ACF94D}
	EndGlobalSection
EndGlobal
